// !$*UTF8*$!
{
	archiveVersion = 1;
	classes = {
	};
	objectVersion = 55;
	objects = {

/* Begin PBXBuildFile section */
		8979B45B293F2D6100D93471 /* AppDelegate.swift in Sources */ = {isa = PBXBuildFile; fileRef = 8979B45A293F2D6100D93471 /* AppDelegate.swift */; };
		8979B464293F2D6200D93471 /* Assets.xcassets in Resources */ = {isa = PBXBuildFile; fileRef = 8979B463293F2D6200D93471 /* Assets.xcassets */; };
		8979B467293F2D6200D93471 /* LaunchScreen.storyboard in Resources */ = {isa = PBXBuildFile; fileRef = 8979B465293F2D6200D93471 /* LaunchScreen.storyboard */; };
		8979B47A293F2F9700D93471 /* AppCoordinator.swift in Sources */ = {isa = PBXBuildFile; fileRef = 8979B479293F2F9700D93471 /* AppCoordinator.swift */; };
		8979B47C293F2FBE00D93471 /* Coordinator.swift in Sources */ = {isa = PBXBuildFile; fileRef = 8979B47B293F2FBE00D93471 /* Coordinator.swift */; };
		8979B47E293F300800D93471 /* MainCoordinator.swift in Sources */ = {isa = PBXBuildFile; fileRef = 8979B47D293F300800D93471 /* MainCoordinator.swift */; };
		8979B480293F302500D93471 /* MainViewController.swift in Sources */ = {isa = PBXBuildFile; fileRef = 8979B47F293F302500D93471 /* MainViewController.swift */; };
		8979B482293F306700D93471 /* MainViewModel.swift in Sources */ = {isa = PBXBuildFile; fileRef = 8979B481293F306700D93471 /* MainViewModel.swift */; };
		8979B485293F329400D93471 /* UIColor + Extensions.swift in Sources */ = {isa = PBXBuildFile; fileRef = 8979B484293F329400D93471 /* UIColor + Extensions.swift */; };
		899E2118293FB2850049FD5A /* MarkPro-Regular.ttf in Resources */ = {isa = PBXBuildFile; fileRef = 899E2114293FB2850049FD5A /* MarkPro-Regular.ttf */; };
		899E2119293FB2850049FD5A /* MarkPro-Medium.ttf in Resources */ = {isa = PBXBuildFile; fileRef = 899E2115293FB2850049FD5A /* MarkPro-Medium.ttf */; };
		899E211A293FB2850049FD5A /* MarkPro-Bold.ttf in Resources */ = {isa = PBXBuildFile; fileRef = 899E2116293FB2850049FD5A /* MarkPro-Bold.ttf */; };
		899E211B293FB2850049FD5A /* MarkPro-Heavy.ttf in Resources */ = {isa = PBXBuildFile; fileRef = 899E2117293FB2850049FD5A /* MarkPro-Heavy.ttf */; };
/* End PBXBuildFile section */

/* Begin PBXFileReference section */
		8979B457293F2D6100D93471 /* Ecommerce.app */ = {isa = PBXFileReference; explicitFileType = wrapper.application; includeInIndex = 0; path = Ecommerce.app; sourceTree = BUILT_PRODUCTS_DIR; };
		8979B45A293F2D6100D93471 /* AppDelegate.swift */ = {isa = PBXFileReference; lastKnownFileType = sourcecode.swift; path = AppDelegate.swift; sourceTree = "<group>"; };
		8979B463293F2D6200D93471 /* Assets.xcassets */ = {isa = PBXFileReference; lastKnownFileType = folder.assetcatalog; path = Assets.xcassets; sourceTree = "<group>"; };
		8979B466293F2D6200D93471 /* Base */ = {isa = PBXFileReference; lastKnownFileType = file.storyboard; name = Base; path = Base.lproj/LaunchScreen.storyboard; sourceTree = "<group>"; };
		8979B468293F2D6200D93471 /* Info.plist */ = {isa = PBXFileReference; lastKnownFileType = text.plist.xml; path = Info.plist; sourceTree = "<group>"; };
		8979B479293F2F9700D93471 /* AppCoordinator.swift */ = {isa = PBXFileReference; lastKnownFileType = sourcecode.swift; path = AppCoordinator.swift; sourceTree = "<group>"; };
		8979B47B293F2FBE00D93471 /* Coordinator.swift */ = {isa = PBXFileReference; lastKnownFileType = sourcecode.swift; path = Coordinator.swift; sourceTree = "<group>"; };
		8979B47D293F300800D93471 /* MainCoordinator.swift */ = {isa = PBXFileReference; lastKnownFileType = sourcecode.swift; path = MainCoordinator.swift; sourceTree = "<group>"; };
		8979B47F293F302500D93471 /* MainViewController.swift */ = {isa = PBXFileReference; lastKnownFileType = sourcecode.swift; path = MainViewController.swift; sourceTree = "<group>"; };
		8979B481293F306700D93471 /* MainViewModel.swift */ = {isa = PBXFileReference; lastKnownFileType = sourcecode.swift; path = MainViewModel.swift; sourceTree = "<group>"; };
		8979B484293F329400D93471 /* UIColor + Extensions.swift */ = {isa = PBXFileReference; lastKnownFileType = sourcecode.swift; path = "UIColor + Extensions.swift"; sourceTree = "<group>"; };
		899E2114293FB2850049FD5A /* MarkPro-Regular.ttf */ = {isa = PBXFileReference; lastKnownFileType = file; path = "MarkPro-Regular.ttf"; sourceTree = "<group>"; };
		899E2115293FB2850049FD5A /* MarkPro-Medium.ttf */ = {isa = PBXFileReference; lastKnownFileType = file; path = "MarkPro-Medium.ttf"; sourceTree = "<group>"; };
		899E2116293FB2850049FD5A /* MarkPro-Bold.ttf */ = {isa = PBXFileReference; lastKnownFileType = file; path = "MarkPro-Bold.ttf"; sourceTree = "<group>"; };
		899E2117293FB2850049FD5A /* MarkPro-Heavy.ttf */ = {isa = PBXFileReference; lastKnownFileType = file; path = "MarkPro-Heavy.ttf"; sourceTree = "<group>"; };
/* End PBXFileReference section */

/* Begin PBXFrameworksBuildPhase section */
		8979B454293F2D6100D93471 /* Frameworks */ = {
			isa = PBXFrameworksBuildPhase;
			buildActionMask = 2147483647;
			files = (
			);
			runOnlyForDeploymentPostprocessing = 0;
		};
/* End PBXFrameworksBuildPhase section */

/* Begin PBXGroup section */
		8979B44E293F2D6100D93471 = {
			isa = PBXGroup;
			children = (
				8979B459293F2D6100D93471 /* Ecommerce */,
				8979B458293F2D6100D93471 /* Products */,
			);
			sourceTree = "<group>";
		};
		8979B458293F2D6100D93471 /* Products */ = {
			isa = PBXGroup;
			children = (
				8979B457293F2D6100D93471 /* Ecommerce.app */,
			);
			name = Products;
			sourceTree = "<group>";
		};
		8979B459293F2D6100D93471 /* Ecommerce */ = {
			isa = PBXGroup;
			children = (
				8979B46F293F2ECA00D93471 /* ViewControllers */,
				8979B471293F2ED900D93471 /* Coordinators */,
				8979B472293F2EE600D93471 /* ViewModels */,
				8979B473293F2EEF00D93471 /* Services */,
				8979B474293F2EF800D93471 /* Protocols */,
				8979B475293F2F0100D93471 /* Models */,
				8979B476293F2F0600D93471 /* Enums */,
				8979B477293F2F0A00D93471 /* Extensions */,
				8979B478293F2F1600D93471 /* Helpers */,
				8979B46E293F2E9000D93471 /* Resources */,
			);
			path = Ecommerce;
			sourceTree = "<group>";
		};
		8979B46E293F2E9000D93471 /* Resources */ = {
			isa = PBXGroup;
			children = (
				8979B45A293F2D6100D93471 /* AppDelegate.swift */,
				8979B463293F2D6200D93471 /* Assets.xcassets */,
				8979B465293F2D6200D93471 /* LaunchScreen.storyboard */,
				8979B468293F2D6200D93471 /* Info.plist */,
				899E2107293FAE840049FD5A /* Fonts */,
			);
			path = Resources;
			sourceTree = "<group>";
		};
		8979B46F293F2ECA00D93471 /* ViewControllers */ = {
			isa = PBXGroup;
			children = (
				8979B47F293F302500D93471 /* MainViewController.swift */,
			);
			path = ViewControllers;
			sourceTree = "<group>";
		};
		8979B471293F2ED900D93471 /* Coordinators */ = {
			isa = PBXGroup;
			children = (
				8979B479293F2F9700D93471 /* AppCoordinator.swift */,
				8979B47D293F300800D93471 /* MainCoordinator.swift */,
			);
			path = Coordinators;
			sourceTree = "<group>";
		};
		8979B472293F2EE600D93471 /* ViewModels */ = {
			isa = PBXGroup;
			children = (
				8979B481293F306700D93471 /* MainViewModel.swift */,
			);
			path = ViewModels;
			sourceTree = "<group>";
		};
		8979B473293F2EEF00D93471 /* Services */ = {
			isa = PBXGroup;
			children = (
			);
			path = Services;
			sourceTree = "<group>";
		};
		8979B474293F2EF800D93471 /* Protocols */ = {
			isa = PBXGroup;
			children = (
				8979B47B293F2FBE00D93471 /* Coordinator.swift */,
			);
			path = Protocols;
			sourceTree = "<group>";
		};
		8979B475293F2F0100D93471 /* Models */ = {
			isa = PBXGroup;
			children = (
			);
			path = Models;
			sourceTree = "<group>";
		};
		8979B476293F2F0600D93471 /* Enums */ = {
			isa = PBXGroup;
			children = (
			);
			path = Enums;
			sourceTree = "<group>";
		};
		8979B477293F2F0A00D93471 /* Extensions */ = {
			isa = PBXGroup;
			children = (
				8979B483293F328700D93471 /* UIKit */,
			);
			path = Extensions;
			sourceTree = "<group>";
		};
		8979B478293F2F1600D93471 /* Helpers */ = {
			isa = PBXGroup;
			children = (
			);
			path = Helpers;
			sourceTree = "<group>";
		};
		8979B483293F328700D93471 /* UIKit */ = {
			isa = PBXGroup;
			children = (
				8979B484293F329400D93471 /* UIColor + Extensions.swift */,
			);
			path = UIKit;
			sourceTree = "<group>";
		};
		899E2107293FAE840049FD5A /* Fonts */ = {
			isa = PBXGroup;
			children = (
				899E2116293FB2850049FD5A /* MarkPro-Bold.ttf */,
				899E2117293FB2850049FD5A /* MarkPro-Heavy.ttf */,
				899E2115293FB2850049FD5A /* MarkPro-Medium.ttf */,
				899E2114293FB2850049FD5A /* MarkPro-Regular.ttf */,
			);
			path = Fonts;
			sourceTree = "<group>";
		};
/* End PBXGroup section */

/* Begin PBXNativeTarget section */
		8979B456293F2D6100D93471 /* Ecommerce */ = {
			isa = PBXNativeTarget;
			buildConfigurationList = 8979B46B293F2D6200D93471 /* Build configuration list for PBXNativeTarget "Ecommerce" */;
			buildPhases = (
				8979B453293F2D6100D93471 /* Sources */,
				8979B454293F2D6100D93471 /* Frameworks */,
				8979B455293F2D6100D93471 /* Resources */,
			);
			buildRules = (
			);
			dependencies = (
			);
			name = Ecommerce;
			productName = Ecommerce;
			productReference = 8979B457293F2D6100D93471 /* Ecommerce.app */;
			productType = "com.apple.product-type.application";
		};
/* End PBXNativeTarget section */

/* Begin PBXProject section */
		8979B44F293F2D6100D93471 /* Project object */ = {
			isa = PBXProject;
			attributes = {
				BuildIndependentTargetsInParallel = 1;
				LastSwiftUpdateCheck = 1300;
				LastUpgradeCheck = 1300;
				TargetAttributes = {
					8979B456293F2D6100D93471 = {
						CreatedOnToolsVersion = 13.0;
					};
				};
			};
			buildConfigurationList = 8979B452293F2D6100D93471 /* Build configuration list for PBXProject "Ecommerce" */;
			compatibilityVersion = "Xcode 13.0";
			developmentRegion = en;
			hasScannedForEncodings = 0;
			knownRegions = (
				en,
				Base,
			);
			mainGroup = 8979B44E293F2D6100D93471;
			productRefGroup = 8979B458293F2D6100D93471 /* Products */;
			projectDirPath = "";
			projectRoot = "";
			targets = (
				8979B456293F2D6100D93471 /* Ecommerce */,
			);
		};
/* End PBXProject section */

/* Begin PBXResourcesBuildPhase section */
		8979B455293F2D6100D93471 /* Resources */ = {
			isa = PBXResourcesBuildPhase;
			buildActionMask = 2147483647;
			files = (
				899E2119293FB2850049FD5A /* MarkPro-Medium.ttf in Resources */,
				8979B467293F2D6200D93471 /* LaunchScreen.storyboard in Resources */,
				899E2118293FB2850049FD5A /* MarkPro-Regular.ttf in Resources */,
				899E211B293FB2850049FD5A /* MarkPro-Heavy.ttf in Resources */,
				8979B464293F2D6200D93471 /* Assets.xcassets in Resources */,
				899E211A293FB2850049FD5A /* MarkPro-Bold.ttf in Resources */,
			);
			runOnlyForDeploymentPostprocessing = 0;
		};
/* End PBXResourcesBuildPhase section */

/* Begin PBXSourcesBuildPhase section */
		8979B453293F2D6100D93471 /* Sources */ = {
			isa = PBXSourcesBuildPhase;
			buildActionMask = 2147483647;
			files = (
				8979B47A293F2F9700D93471 /* AppCoordinator.swift in Sources */,
				8979B47E293F300800D93471 /* MainCoordinator.swift in Sources */,
				8979B45B293F2D6100D93471 /* AppDelegate.swift in Sources */,
				8979B485293F329400D93471 /* UIColor + Extensions.swift in Sources */,
				8979B47C293F2FBE00D93471 /* Coordinator.swift in Sources */,
				8979B480293F302500D93471 /* MainViewController.swift in Sources */,
				8979B482293F306700D93471 /* MainViewModel.swift in Sources */,
			);
			runOnlyForDeploymentPostprocessing = 0;
		};
/* End PBXSourcesBuildPhase section */

/* Begin PBXVariantGroup section */
		8979B465293F2D6200D93471 /* LaunchScreen.storyboard */ = {
			isa = PBXVariantGroup;
			children = (
				8979B466293F2D6200D93471 /* Base */,
			);
			name = LaunchScreen.storyboard;
			sourceTree = "<group>";
		};
/* End PBXVariantGroup section */

/* Begin XCBuildConfiguration section */
		8979B469293F2D6200D93471 /* Debug */ = {
			isa = XCBuildConfiguration;
			buildSettings = {
				ALWAYS_SEARCH_USER_PATHS = NO;
				CLANG_ANALYZER_NONNULL = YES;
				CLANG_ANALYZER_NUMBER_OBJECT_CONVERSION = YES_AGGRESSIVE;
				CLANG_CXX_LANGUAGE_STANDARD = "gnu++17";
				CLANG_CXX_LIBRARY = "libc++";
				CLANG_ENABLE_MODULES = YES;
				CLANG_ENABLE_OBJC_ARC = YES;
				CLANG_ENABLE_OBJC_WEAK = YES;
				CLANG_WARN_BLOCK_CAPTURE_AUTORELEASING = YES;
				CLANG_WARN_BOOL_CONVERSION = YES;
				CLANG_WARN_COMMA = YES;
				CLANG_WARN_CONSTANT_CONVERSION = YES;
				CLANG_WARN_DEPRECATED_OBJC_IMPLEMENTATIONS = YES;
				CLANG_WARN_DIRECT_OBJC_ISA_USAGE = YES_ERROR;
				CLANG_WARN_DOCUMENTATION_COMMENTS = YES;
				CLANG_WARN_EMPTY_BODY = YES;
				CLANG_WARN_ENUM_CONVERSION = YES;
				CLANG_WARN_INFINITE_RECURSION = YES;
				CLANG_WARN_INT_CONVERSION = YES;
				CLANG_WARN_NON_LITERAL_NULL_CONVERSION = YES;
				CLANG_WARN_OBJC_IMPLICIT_RETAIN_SELF = YES;
				CLANG_WARN_OBJC_LITERAL_CONVERSION = YES;
				CLANG_WARN_OBJC_ROOT_CLASS = YES_ERROR;
				CLANG_WARN_QUOTED_INCLUDE_IN_FRAMEWORK_HEADER = YES;
				CLANG_WARN_RANGE_LOOP_ANALYSIS = YES;
				CLANG_WARN_STRICT_PROTOTYPES = YES;
				CLANG_WARN_SUSPICIOUS_MOVE = YES;
				CLANG_WARN_UNGUARDED_AVAILABILITY = YES_AGGRESSIVE;
				CLANG_WARN_UNREACHABLE_CODE = YES;
				CLANG_WARN__DUPLICATE_METHOD_MATCH = YES;
				COPY_PHASE_STRIP = NO;
				DEBUG_INFORMATION_FORMAT = dwarf;
				ENABLE_STRICT_OBJC_MSGSEND = YES;
				ENABLE_TESTABILITY = YES;
				GCC_C_LANGUAGE_STANDARD = gnu11;
				GCC_DYNAMIC_NO_PIC = NO;
				GCC_NO_COMMON_BLOCKS = YES;
				GCC_OPTIMIZATION_LEVEL = 0;
				GCC_PREPROCESSOR_DEFINITIONS = (
					"DEBUG=1",
					"$(inherited)",
				);
				GCC_WARN_64_TO_32_BIT_CONVERSION = YES;
				GCC_WARN_ABOUT_RETURN_TYPE = YES_ERROR;
				GCC_WARN_UNDECLARED_SELECTOR = YES;
				GCC_WARN_UNINITIALIZED_AUTOS = YES_AGGRESSIVE;
				GCC_WARN_UNUSED_FUNCTION = YES;
				GCC_WARN_UNUSED_VARIABLE = YES;
				IPHONEOS_DEPLOYMENT_TARGET = 15.0;
				MTL_ENABLE_DEBUG_INFO = INCLUDE_SOURCE;
				MTL_FAST_MATH = YES;
				ONLY_ACTIVE_ARCH = YES;
				SDKROOT = iphoneos;
				SWIFT_ACTIVE_COMPILATION_CONDITIONS = DEBUG;
				SWIFT_OPTIMIZATION_LEVEL = "-Onone";
			};
			name = Debug;
		};
		8979B46A293F2D6200D93471 /* Release */ = {
			isa = XCBuildConfiguration;
			buildSettings = {
				ALWAYS_SEARCH_USER_PATHS = NO;
				CLANG_ANALYZER_NONNULL = YES;
				CLANG_ANALYZER_NUMBER_OBJECT_CONVERSION = YES_AGGRESSIVE;
				CLANG_CXX_LANGUAGE_STANDARD = "gnu++17";
				CLANG_CXX_LIBRARY = "libc++";
				CLANG_ENABLE_MODULES = YES;
				CLANG_ENABLE_OBJC_ARC = YES;
				CLANG_ENABLE_OBJC_WEAK = YES;
				CLANG_WARN_BLOCK_CAPTURE_AUTORELEASING = YES;
				CLANG_WARN_BOOL_CONVERSION = YES;
				CLANG_WARN_COMMA = YES;
				CLANG_WARN_CONSTANT_CONVERSION = YES;
				CLANG_WARN_DEPRECATED_OBJC_IMPLEMENTATIONS = YES;
				CLANG_WARN_DIRECT_OBJC_ISA_USAGE = YES_ERROR;
				CLANG_WARN_DOCUMENTATION_COMMENTS = YES;
				CLANG_WARN_EMPTY_BODY = YES;
				CLANG_WARN_ENUM_CONVERSION = YES;
				CLANG_WARN_INFINITE_RECURSION = YES;
				CLANG_WARN_INT_CONVERSION = YES;
				CLANG_WARN_NON_LITERAL_NULL_CONVERSION = YES;
				CLANG_WARN_OBJC_IMPLICIT_RETAIN_SELF = YES;
				CLANG_WARN_OBJC_LITERAL_CONVERSION = YES;
				CLANG_WARN_OBJC_ROOT_CLASS = YES_ERROR;
				CLANG_WARN_QUOTED_INCLUDE_IN_FRAMEWORK_HEADER = YES;
				CLANG_WARN_RANGE_LOOP_ANALYSIS = YES;
				CLANG_WARN_STRICT_PROTOTYPES = YES;
				CLANG_WARN_SUSPICIOUS_MOVE = YES;
				CLANG_WARN_UNGUARDED_AVAILABILITY = YES_AGGRESSIVE;
				CLANG_WARN_UNREACHABLE_CODE = YES;
				CLANG_WARN__DUPLICATE_METHOD_MATCH = YES;
				COPY_PHASE_STRIP = NO;
				DEBUG_INFORMATION_FORMAT = "dwarf-with-dsym";
				ENABLE_NS_ASSERTIONS = NO;
				ENABLE_STRICT_OBJC_MSGSEND = YES;
				GCC_C_LANGUAGE_STANDARD = gnu11;
				GCC_NO_COMMON_BLOCKS = YES;
				GCC_WARN_64_TO_32_BIT_CONVERSION = YES;
				GCC_WARN_ABOUT_RETURN_TYPE = YES_ERROR;
				GCC_WARN_UNDECLARED_SELECTOR = YES;
				GCC_WARN_UNINITIALIZED_AUTOS = YES_AGGRESSIVE;
				GCC_WARN_UNUSED_FUNCTION = YES;
				GCC_WARN_UNUSED_VARIABLE = YES;
				IPHONEOS_DEPLOYMENT_TARGET = 15.0;
				MTL_ENABLE_DEBUG_INFO = NO;
				MTL_FAST_MATH = YES;
				SDKROOT = iphoneos;
				SWIFT_COMPILATION_MODE = wholemodule;
				SWIFT_OPTIMIZATION_LEVEL = "-O";
				VALIDATE_PRODUCT = YES;
			};
			name = Release;
		};
		8979B46C293F2D6200D93471 /* Debug */ = {
			isa = XCBuildConfiguration;
			buildSettings = {
				ASSETCATALOG_COMPILER_APPICON_NAME = AppIcon;
				ASSETCATALOG_COMPILER_GLOBAL_ACCENT_COLOR_NAME = AccentColor;
				CODE_SIGN_STYLE = Automatic;
				CURRENT_PROJECT_VERSION = 1;
				DEVELOPMENT_TEAM = F5X66F6583;
				GENERATE_INFOPLIST_FILE = YES;
				INFOPLIST_FILE = Ecommerce/Resources/Info.plist;
				INFOPLIST_KEY_UIApplicationSupportsIndirectInputEvents = YES;
				INFOPLIST_KEY_UILaunchStoryboardName = LaunchScreen;
				INFOPLIST_KEY_UISupportedInterfaceOrientations_iPad = "UIInterfaceOrientationPortrait UIInterfaceOrientationPortraitUpsideDown UIInterfaceOrientationLandscapeLeft UIInterfaceOrientationLandscapeRight";
				INFOPLIST_KEY_UISupportedInterfaceOrientations_iPhone = "UIInterfaceOrientationPortrait UIInterfaceOrientationLandscapeLeft UIInterfaceOrientationLandscapeRight";
				LD_RUNPATH_SEARCH_PATHS = (
					"$(inherited)",
					"@executable_path/Frameworks",
				);
				MARKETING_VERSION = 1.0;
				PRODUCT_BUNDLE_IDENTIFIER = sosnovsky.Ecommerce;
				PRODUCT_NAME = "$(TARGET_NAME)";
				SWIFT_EMIT_LOC_STRINGS = YES;
				SWIFT_VERSION = 5.0;
				TARGETED_DEVICE_FAMILY = 1;
			};
			name = Debug;
		};
		8979B46D293F2D6200D93471 /* Release */ = {
			isa = XCBuildConfiguration;
			buildSettings = {
				ASSETCATALOG_COMPILER_APPICON_NAME = AppIcon;
				ASSETCATALOG_COMPILER_GLOBAL_ACCENT_COLOR_NAME = AccentColor;
				CODE_SIGN_STYLE = Automatic;
				CURRENT_PROJECT_VERSION = 1;
				DEVELOPMENT_TEAM = F5X66F6583;
				GENERATE_INFOPLIST_FILE = YES;
				INFOPLIST_FILE = Ecommerce/Resources/Info.plist;
				INFOPLIST_KEY_UIApplicationSupportsIndirectInputEvents = YES;
				INFOPLIST_KEY_UILaunchStoryboardName = LaunchScreen;
				INFOPLIST_KEY_UISupportedInterfaceOrientations_iPad = "UIInterfaceOrientationPortrait UIInterfaceOrientationPortraitUpsideDown UIInterfaceOrientationLandscapeLeft UIInterfaceOrientationLandscapeRight";
				INFOPLIST_KEY_UISupportedInterfaceOrientations_iPhone = "UIInterfaceOrientationPortrait UIInterfaceOrientationLandscapeLeft UIInterfaceOrientationLandscapeRight";
				LD_RUNPATH_SEARCH_PATHS = (
					"$(inherited)",
					"@executable_path/Frameworks",
				);
				MARKETING_VERSION = 1.0;
				PRODUCT_BUNDLE_IDENTIFIER = sosnovsky.Ecommerce;
				PRODUCT_NAME = "$(TARGET_NAME)";
				SWIFT_EMIT_LOC_STRINGS = YES;
				SWIFT_VERSION = 5.0;
				TARGETED_DEVICE_FAMILY = 1;
			};
			name = Release;
		};
/* End XCBuildConfiguration section */

/* Begin XCConfigurationList section */
		8979B452293F2D6100D93471 /* Build configuration list for PBXProject "Ecommerce" */ = {
			isa = XCConfigurationList;
			buildConfigurations = (
				8979B469293F2D6200D93471 /* Debug */,
				8979B46A293F2D6200D93471 /* Release */,
			);
			defaultConfigurationIsVisible = 0;
			defaultConfigurationName = Release;
		};
		8979B46B293F2D6200D93471 /* Build configuration list for PBXNativeTarget "Ecommerce" */ = {
			isa = XCConfigurationList;
			buildConfigurations = (
				8979B46C293F2D6200D93471 /* Debug */,
				8979B46D293F2D6200D93471 /* Release */,
			);
			defaultConfigurationIsVisible = 0;
			defaultConfigurationName = Release;
		};
/* End XCConfigurationList section */
	};
	rootObject = 8979B44F293F2D6100D93471 /* Project object */;
}
