// !$*UTF8*$!
{
	archiveVersion = 1;
	classes = {
	};
	objectVersion = 55;
	objects = {

/* Begin PBXBuildFile section */
		6CAD82DFC8610ACE2A9501F1 /* Pods_Ecommerce.framework in Frameworks */ = {isa = PBXBuildFile; fileRef = 497455DD70BAB150C4C4DA4F /* Pods_Ecommerce.framework */; };
		893E99AB2945E27C004D9FB2 /* CustomUISegmentedControl.swift in Sources */ = {isa = PBXBuildFile; fileRef = 893E99AA2945E27C004D9FB2 /* CustomUISegmentedControl.swift */; };
		894B109429451F6A00306585 /* UISegmentedControl + Extensions.swift in Sources */ = {isa = PBXBuildFile; fileRef = 894B109329451F6A00306585 /* UISegmentedControl + Extensions.swift */; };
		8950A4172941D53000FF632C /* EcommerceTabBarCoordinator.swift in Sources */ = {isa = PBXBuildFile; fileRef = 8950A4162941D53000FF632C /* EcommerceTabBarCoordinator.swift */; };
		8950A4192941D7EC00FF632C /* TabBarPages.swift in Sources */ = {isa = PBXBuildFile; fileRef = 8950A4182941D7EC00FF632C /* TabBarPages.swift */; };
		8950A41B2941DD5B00FF632C /* CartCoordinator.swift in Sources */ = {isa = PBXBuildFile; fileRef = 8950A41A2941DD5B00FF632C /* CartCoordinator.swift */; };
		8950A41D2941DD8800FF632C /* CartViewController.swift in Sources */ = {isa = PBXBuildFile; fileRef = 8950A41C2941DD8800FF632C /* CartViewController.swift */; };
		8950A41F2941DD9D00FF632C /* CartViewModel.swift in Sources */ = {isa = PBXBuildFile; fileRef = 8950A41E2941DD9D00FF632C /* CartViewModel.swift */; };
		8950A4212941F09D00FF632C /* FavoriteCoordinator.swift in Sources */ = {isa = PBXBuildFile; fileRef = 8950A4202941F09D00FF632C /* FavoriteCoordinator.swift */; };
		8950A4232941F0A700FF632C /* ProfileCoordinator.swift in Sources */ = {isa = PBXBuildFile; fileRef = 8950A4222941F0A700FF632C /* ProfileCoordinator.swift */; };
		8950A4252941F0B900FF632C /* FavoriteViewController.swift in Sources */ = {isa = PBXBuildFile; fileRef = 8950A4242941F0B900FF632C /* FavoriteViewController.swift */; };
		8950A4272941F0C400FF632C /* ProfileViewController.swift in Sources */ = {isa = PBXBuildFile; fileRef = 8950A4262941F0C400FF632C /* ProfileViewController.swift */; };
		8950A4292941F10800FF632C /* FavoriteViewModel.swift in Sources */ = {isa = PBXBuildFile; fileRef = 8950A4282941F10800FF632C /* FavoriteViewModel.swift */; };
		8950A42B2941F11000FF632C /* ProfileViewModel.swift in Sources */ = {isa = PBXBuildFile; fileRef = 8950A42A2941F11000FF632C /* ProfileViewModel.swift */; };
		8950A42F294201CA00FF632C /* CustomTabBarController.swift in Sources */ = {isa = PBXBuildFile; fileRef = 8950A42E294201CA00FF632C /* CustomTabBarController.swift */; };
		8950A4312942138500FF632C /* FilterModalView.swift in Sources */ = {isa = PBXBuildFile; fileRef = 8950A4302942138500FF632C /* FilterModalView.swift */; };
		8950A43329421E7E00FF632C /* FilterTextField.swift in Sources */ = {isa = PBXBuildFile; fileRef = 8950A43229421E7E00FF632C /* FilterTextField.swift */; };
		896947E2294092ED0015514C /* HotSalesCollectionViewManager.swift in Sources */ = {isa = PBXBuildFile; fileRef = 896947E1294092ED0015514C /* HotSalesCollectionViewManager.swift */; };
		896947E52940934F0015514C /* HotSalesCollectionViewCell.swift in Sources */ = {isa = PBXBuildFile; fileRef = 896947E42940934F0015514C /* HotSalesCollectionViewCell.swift */; };
		896947E7294093EC0015514C /* PagingCollectionViewLayout.swift in Sources */ = {isa = PBXBuildFile; fileRef = 896947E6294093EC0015514C /* PagingCollectionViewLayout.swift */; };
		8979B45B293F2D6100D93471 /* AppDelegate.swift in Sources */ = {isa = PBXBuildFile; fileRef = 8979B45A293F2D6100D93471 /* AppDelegate.swift */; };
		8979B467293F2D6200D93471 /* LaunchScreen.storyboard in Resources */ = {isa = PBXBuildFile; fileRef = 8979B465293F2D6200D93471 /* LaunchScreen.storyboard */; };
		8979B47A293F2F9700D93471 /* AppCoordinator.swift in Sources */ = {isa = PBXBuildFile; fileRef = 8979B479293F2F9700D93471 /* AppCoordinator.swift */; };
		8979B47C293F2FBE00D93471 /* Coordinator.swift in Sources */ = {isa = PBXBuildFile; fileRef = 8979B47B293F2FBE00D93471 /* Coordinator.swift */; };
		8979B47E293F300800D93471 /* MainCoordinator.swift in Sources */ = {isa = PBXBuildFile; fileRef = 8979B47D293F300800D93471 /* MainCoordinator.swift */; };
		8979B480293F302500D93471 /* MainViewController.swift in Sources */ = {isa = PBXBuildFile; fileRef = 8979B47F293F302500D93471 /* MainViewController.swift */; };
		8979B482293F306700D93471 /* MainViewModel.swift in Sources */ = {isa = PBXBuildFile; fileRef = 8979B481293F306700D93471 /* MainViewModel.swift */; };
		8979B485293F329400D93471 /* UIColor + Extensions.swift in Sources */ = {isa = PBXBuildFile; fileRef = 8979B484293F329400D93471 /* UIColor + Extensions.swift */; };
		897ED29B29464117006B006B /* CartTableViewManager.swift in Sources */ = {isa = PBXBuildFile; fileRef = 897ED29A29464117006B006B /* CartTableViewManager.swift */; };
		897F54ED294098B300E38F02 /* Constants.swift in Sources */ = {isa = PBXBuildFile; fileRef = 897F54EC294098B300E38F02 /* Constants.swift */; };
		897F54EF29409A1600E38F02 /* Phones.swift in Sources */ = {isa = PBXBuildFile; fileRef = 897F54EE29409A1600E38F02 /* Phones.swift */; };
		897F54F129409B1D00E38F02 /* HomeStore.swift in Sources */ = {isa = PBXBuildFile; fileRef = 897F54F029409B1D00E38F02 /* HomeStore.swift */; };
		897F54F329409BED00E38F02 /* NetworkService.swift in Sources */ = {isa = PBXBuildFile; fileRef = 897F54F229409BED00E38F02 /* NetworkService.swift */; };
		897F54F629409D4200E38F02 /* Environment.swift in Sources */ = {isa = PBXBuildFile; fileRef = 897F54F529409D4200E38F02 /* Environment.swift */; };
		897F54FE2940C07600E38F02 /* BestSellerCollectionViewManager.swift in Sources */ = {isa = PBXBuildFile; fileRef = 897F54FD2940C07600E38F02 /* BestSellerCollectionViewManager.swift */; };
		897F55002940C17A00E38F02 /* BestSellerCollectionViewCell.swift in Sources */ = {isa = PBXBuildFile; fileRef = 897F54FF2940C17A00E38F02 /* BestSellerCollectionViewCell.swift */; };
		898565B529471DD200523AA0 /* CartTableViewCell.swift in Sources */ = {isa = PBXBuildFile; fileRef = 898565B429471DD200523AA0 /* CartTableViewCell.swift */; };
		898EB9D52949ACD9008E25B1 /* HotSalesTopView.swift in Sources */ = {isa = PBXBuildFile; fileRef = 898EB9D42949ACD9008E25B1 /* HotSalesTopView.swift */; };
		898EB9D92949AEFA008E25B1 /* BestSellerTopView.swift in Sources */ = {isa = PBXBuildFile; fileRef = 898EB9D82949AEFA008E25B1 /* BestSellerTopView.swift */; };
		898EB9DC2949B26F008E25B1 /* DetailsTopView.swift in Sources */ = {isa = PBXBuildFile; fileRef = 898EB9DB2949B26F008E25B1 /* DetailsTopView.swift */; };
		898EB9DE2949B46D008E25B1 /* ShopStackView.swift in Sources */ = {isa = PBXBuildFile; fileRef = 898EB9DD2949B46D008E25B1 /* ShopStackView.swift */; };
		898EB9E02949B577008E25B1 /* DetailsStackView.swift in Sources */ = {isa = PBXBuildFile; fileRef = 898EB9DF2949B577008E25B1 /* DetailsStackView.swift */; };
		898EB9E22949B658008E25B1 /* FeaturesStackView.swift in Sources */ = {isa = PBXBuildFile; fileRef = 898EB9E12949B658008E25B1 /* FeaturesStackView.swift */; };
		898EB9E42949B7A6008E25B1 /* CPUStackView.swift in Sources */ = {isa = PBXBuildFile; fileRef = 898EB9E32949B7A6008E25B1 /* CPUStackView.swift */; };
		898EB9E62949B82C008E25B1 /* CameraStackView.swift in Sources */ = {isa = PBXBuildFile; fileRef = 898EB9E52949B82C008E25B1 /* CameraStackView.swift */; };
		898EB9E82949B89C008E25B1 /* SSDStackView.swift in Sources */ = {isa = PBXBuildFile; fileRef = 898EB9E72949B89C008E25B1 /* SSDStackView.swift */; };
		898EB9EA2949B95C008E25B1 /* SDStackView.swift in Sources */ = {isa = PBXBuildFile; fileRef = 898EB9E92949B95C008E25B1 /* SDStackView.swift */; };
		898EB9EC2949BA43008E25B1 /* ButtonsStackView.swift in Sources */ = {isa = PBXBuildFile; fileRef = 898EB9EB2949BA43008E25B1 /* ButtonsStackView.swift */; };
		898EB9EE2949BB85008E25B1 /* EquipmentStackView.swift in Sources */ = {isa = PBXBuildFile; fileRef = 898EB9ED2949BB85008E25B1 /* EquipmentStackView.swift */; };
		898EB9F32949C193008E25B1 /* CheckLeftStackView.swift in Sources */ = {isa = PBXBuildFile; fileRef = 898EB9F22949C193008E25B1 /* CheckLeftStackView.swift */; };
		898EB9F52949C24C008E25B1 /* CheckRightStackView.swift in Sources */ = {isa = PBXBuildFile; fileRef = 898EB9F42949C24C008E25B1 /* CheckRightStackView.swift */; };
		898EB9F92949C6AB008E25B1 /* CheckStackView.swift in Sources */ = {isa = PBXBuildFile; fileRef = 898EB9F82949C6AB008E25B1 /* CheckStackView.swift */; };
		898EB9FB2949CC5C008E25B1 /* NetworkServiceProtocol.swift in Sources */ = {isa = PBXBuildFile; fileRef = 898EB9FA2949CC5C008E25B1 /* NetworkServiceProtocol.swift */; };
		898EB9FD2949CD29008E25B1 /* BadgeCountUpdateProtocol.swift in Sources */ = {isa = PBXBuildFile; fileRef = 898EB9FC2949CD29008E25B1 /* BadgeCountUpdateProtocol.swift */; };
		898EB9FF2949D61B008E25B1 /* Assets.xcassets in Resources */ = {isa = PBXBuildFile; fileRef = 898EB9FE2949D61B008E25B1 /* Assets.xcassets */; };
		899E2118293FB2850049FD5A /* MarkPro-Regular.ttf in Resources */ = {isa = PBXBuildFile; fileRef = 899E2114293FB2850049FD5A /* MarkPro-Regular.ttf */; };
		899E2119293FB2850049FD5A /* MarkPro-Medium.ttf in Resources */ = {isa = PBXBuildFile; fileRef = 899E2115293FB2850049FD5A /* MarkPro-Medium.ttf */; };
		899E211A293FB2850049FD5A /* MarkPro-Bold.ttf in Resources */ = {isa = PBXBuildFile; fileRef = 899E2116293FB2850049FD5A /* MarkPro-Bold.ttf */; };
		899E211B293FB2850049FD5A /* MarkPro-Heavy.ttf in Resources */ = {isa = PBXBuildFile; fileRef = 899E2117293FB2850049FD5A /* MarkPro-Heavy.ttf */; };
		899ECFD12940F2B90018CB1D /* BestSeller.swift in Sources */ = {isa = PBXBuildFile; fileRef = 899ECFD02940F2B90018CB1D /* BestSeller.swift */; };
		89A0812329436BD700BD04B7 /* DetailViewController.swift in Sources */ = {isa = PBXBuildFile; fileRef = 89A0812229436BD700BD04B7 /* DetailViewController.swift */; };
		89A0812529436C0900BD04B7 /* DetailCoordinator.swift in Sources */ = {isa = PBXBuildFile; fileRef = 89A0812429436C0900BD04B7 /* DetailCoordinator.swift */; };
		89A0812729436C5800BD04B7 /* DetailViewModel.swift in Sources */ = {isa = PBXBuildFile; fileRef = 89A0812629436C5800BD04B7 /* DetailViewModel.swift */; };
		89A0812B2943734600BD04B7 /* Characteristics.swift in Sources */ = {isa = PBXBuildFile; fileRef = 89A0812A2943734600BD04B7 /* Characteristics.swift */; };
		89A90AB5293FC1200096366C /* UIStackView + Extensions.swift in Sources */ = {isa = PBXBuildFile; fileRef = 89A90AB4293FC1200096366C /* UIStackView + Extensions.swift */; };
		89A90AB7293FC1D70096366C /* UILabel + Extensions.swift in Sources */ = {isa = PBXBuildFile; fileRef = 89A90AB6293FC1D70096366C /* UILabel + Extensions.swift */; };
		89A90AB9293FC2040096366C /* UIFont + Extensions.swift in Sources */ = {isa = PBXBuildFile; fileRef = 89A90AB8293FC2040096366C /* UIFont + Extensions.swift */; };
		89A90ABB293FC4FE0096366C /* UIImageView + Extensions.swift in Sources */ = {isa = PBXBuildFile; fileRef = 89A90ABA293FC4FE0096366C /* UIImageView + Extensions.swift */; };
		89A90ABE293FCFA90096366C /* CategoriesStackView.swift in Sources */ = {isa = PBXBuildFile; fileRef = 89A90ABD293FCFA90096366C /* CategoriesStackView.swift */; };
		89A90AC0293FD46C0096366C /* Categories.swift in Sources */ = {isa = PBXBuildFile; fileRef = 89A90ABF293FD46C0096366C /* Categories.swift */; };
		89B1BF052948F3FE00F8D2D3 /* HeaderStackView.swift in Sources */ = {isa = PBXBuildFile; fileRef = 89B1BF042948F3FE00F8D2D3 /* HeaderStackView.swift */; };
		89B1BF072948F64D00F8D2D3 /* SearchStackView.swift in Sources */ = {isa = PBXBuildFile; fileRef = 89B1BF062948F64D00F8D2D3 /* SearchStackView.swift */; };
		89B1BF092948FA5A00F8D2D3 /* HeaderView.swift in Sources */ = {isa = PBXBuildFile; fileRef = 89B1BF082948FA5A00F8D2D3 /* HeaderView.swift */; };
		89B1BF0B2948FAA500F8D2D3 /* UIVIew + Extensions.swift in Sources */ = {isa = PBXBuildFile; fileRef = 89B1BF0A2948FAA500F8D2D3 /* UIVIew + Extensions.swift */; };
		89B1BF0F2948FE1C00F8D2D3 /* SelectCategoryView.swift in Sources */ = {isa = PBXBuildFile; fileRef = 89B1BF0E2948FE1C00F8D2D3 /* SelectCategoryView.swift */; };
		89B35C1E29407D64000C061C /* SearchTextField.swift in Sources */ = {isa = PBXBuildFile; fileRef = 89B35C1D29407D64000C061C /* SearchTextField.swift */; };
		89B3C0EA29425E1000D0D0A6 /* FilterModalViewController.swift in Sources */ = {isa = PBXBuildFile; fileRef = 89B3C0E929425E1000D0D0A6 /* FilterModalViewController.swift */; };
		89F625C829485FE40055AAE6 /* Cart.swift in Sources */ = {isa = PBXBuildFile; fileRef = 89F625C729485FE40055AAE6 /* Cart.swift */; };
		89F625CA29485FEE0055AAE6 /* Basket.swift in Sources */ = {isa = PBXBuildFile; fileRef = 89F625C929485FEE0055AAE6 /* Basket.swift */; };
		89F716BE294491FA005014E7 /* UIImage + Extensions.swift in Sources */ = {isa = PBXBuildFile; fileRef = 89F716BD294491FA005014E7 /* UIImage + Extensions.swift */; };
		89F716C0294498F1005014E7 /* DetailCollectionViewManager.swift in Sources */ = {isa = PBXBuildFile; fileRef = 89F716BF294498F1005014E7 /* DetailCollectionViewManager.swift */; };
		89F716C229449969005014E7 /* DetailCollectionViewCell.swift in Sources */ = {isa = PBXBuildFile; fileRef = 89F716C129449969005014E7 /* DetailCollectionViewCell.swift */; };
/* End PBXBuildFile section */

/* Begin PBXFileReference section */
		2BC8501DDC5D37A60E997D99 /* Pods-Ecommerce.release.xcconfig */ = {isa = PBXFileReference; includeInIndex = 1; lastKnownFileType = text.xcconfig; name = "Pods-Ecommerce.release.xcconfig"; path = "Target Support Files/Pods-Ecommerce/Pods-Ecommerce.release.xcconfig"; sourceTree = "<group>"; };
		4733FC71579C1F97DEE24CAF /* Pods-Ecommerce.debug.xcconfig */ = {isa = PBXFileReference; includeInIndex = 1; lastKnownFileType = text.xcconfig; name = "Pods-Ecommerce.debug.xcconfig"; path = "Target Support Files/Pods-Ecommerce/Pods-Ecommerce.debug.xcconfig"; sourceTree = "<group>"; };
		497455DD70BAB150C4C4DA4F /* Pods_Ecommerce.framework */ = {isa = PBXFileReference; explicitFileType = wrapper.framework; includeInIndex = 0; path = Pods_Ecommerce.framework; sourceTree = BUILT_PRODUCTS_DIR; };
		893E99AA2945E27C004D9FB2 /* CustomUISegmentedControl.swift */ = {isa = PBXFileReference; lastKnownFileType = sourcecode.swift; path = CustomUISegmentedControl.swift; sourceTree = "<group>"; };
		894B109329451F6A00306585 /* UISegmentedControl + Extensions.swift */ = {isa = PBXFileReference; lastKnownFileType = sourcecode.swift; path = "UISegmentedControl + Extensions.swift"; sourceTree = "<group>"; };
		8950A4162941D53000FF632C /* EcommerceTabBarCoordinator.swift */ = {isa = PBXFileReference; lastKnownFileType = sourcecode.swift; path = EcommerceTabBarCoordinator.swift; sourceTree = "<group>"; };
		8950A4182941D7EC00FF632C /* TabBarPages.swift */ = {isa = PBXFileReference; lastKnownFileType = sourcecode.swift; path = TabBarPages.swift; sourceTree = "<group>"; };
		8950A41A2941DD5B00FF632C /* CartCoordinator.swift */ = {isa = PBXFileReference; lastKnownFileType = sourcecode.swift; path = CartCoordinator.swift; sourceTree = "<group>"; };
		8950A41C2941DD8800FF632C /* CartViewController.swift */ = {isa = PBXFileReference; lastKnownFileType = sourcecode.swift; path = CartViewController.swift; sourceTree = "<group>"; };
		8950A41E2941DD9D00FF632C /* CartViewModel.swift */ = {isa = PBXFileReference; lastKnownFileType = sourcecode.swift; path = CartViewModel.swift; sourceTree = "<group>"; };
		8950A4202941F09D00FF632C /* FavoriteCoordinator.swift */ = {isa = PBXFileReference; lastKnownFileType = sourcecode.swift; path = FavoriteCoordinator.swift; sourceTree = "<group>"; };
		8950A4222941F0A700FF632C /* ProfileCoordinator.swift */ = {isa = PBXFileReference; lastKnownFileType = sourcecode.swift; path = ProfileCoordinator.swift; sourceTree = "<group>"; };
		8950A4242941F0B900FF632C /* FavoriteViewController.swift */ = {isa = PBXFileReference; lastKnownFileType = sourcecode.swift; path = FavoriteViewController.swift; sourceTree = "<group>"; };
		8950A4262941F0C400FF632C /* ProfileViewController.swift */ = {isa = PBXFileReference; lastKnownFileType = sourcecode.swift; path = ProfileViewController.swift; sourceTree = "<group>"; };
		8950A4282941F10800FF632C /* FavoriteViewModel.swift */ = {isa = PBXFileReference; lastKnownFileType = sourcecode.swift; path = FavoriteViewModel.swift; sourceTree = "<group>"; };
		8950A42A2941F11000FF632C /* ProfileViewModel.swift */ = {isa = PBXFileReference; lastKnownFileType = sourcecode.swift; path = ProfileViewModel.swift; sourceTree = "<group>"; };
		8950A42E294201CA00FF632C /* CustomTabBarController.swift */ = {isa = PBXFileReference; lastKnownFileType = sourcecode.swift; path = CustomTabBarController.swift; sourceTree = "<group>"; };
		8950A4302942138500FF632C /* FilterModalView.swift */ = {isa = PBXFileReference; lastKnownFileType = sourcecode.swift; path = FilterModalView.swift; sourceTree = "<group>"; };
		8950A43229421E7E00FF632C /* FilterTextField.swift */ = {isa = PBXFileReference; lastKnownFileType = sourcecode.swift; path = FilterTextField.swift; sourceTree = "<group>"; };
		896947E1294092ED0015514C /* HotSalesCollectionViewManager.swift */ = {isa = PBXFileReference; lastKnownFileType = sourcecode.swift; path = HotSalesCollectionViewManager.swift; sourceTree = "<group>"; };
		896947E42940934F0015514C /* HotSalesCollectionViewCell.swift */ = {isa = PBXFileReference; lastKnownFileType = sourcecode.swift; path = HotSalesCollectionViewCell.swift; sourceTree = "<group>"; };
		896947E6294093EC0015514C /* PagingCollectionViewLayout.swift */ = {isa = PBXFileReference; lastKnownFileType = sourcecode.swift; path = PagingCollectionViewLayout.swift; sourceTree = "<group>"; };
		8979B457293F2D6100D93471 /* Ecommerce.app */ = {isa = PBXFileReference; explicitFileType = wrapper.application; includeInIndex = 0; path = Ecommerce.app; sourceTree = BUILT_PRODUCTS_DIR; };
		8979B45A293F2D6100D93471 /* AppDelegate.swift */ = {isa = PBXFileReference; lastKnownFileType = sourcecode.swift; path = AppDelegate.swift; sourceTree = "<group>"; };
		8979B466293F2D6200D93471 /* Base */ = {isa = PBXFileReference; lastKnownFileType = file.storyboard; name = Base; path = Base.lproj/LaunchScreen.storyboard; sourceTree = "<group>"; };
		8979B468293F2D6200D93471 /* Info.plist */ = {isa = PBXFileReference; lastKnownFileType = text.plist.xml; path = Info.plist; sourceTree = "<group>"; };
		8979B479293F2F9700D93471 /* AppCoordinator.swift */ = {isa = PBXFileReference; lastKnownFileType = sourcecode.swift; path = AppCoordinator.swift; sourceTree = "<group>"; };
		8979B47B293F2FBE00D93471 /* Coordinator.swift */ = {isa = PBXFileReference; lastKnownFileType = sourcecode.swift; path = Coordinator.swift; sourceTree = "<group>"; };
		8979B47D293F300800D93471 /* MainCoordinator.swift */ = {isa = PBXFileReference; lastKnownFileType = sourcecode.swift; path = MainCoordinator.swift; sourceTree = "<group>"; };
		8979B47F293F302500D93471 /* MainViewController.swift */ = {isa = PBXFileReference; lastKnownFileType = sourcecode.swift; path = MainViewController.swift; sourceTree = "<group>"; };
		8979B481293F306700D93471 /* MainViewModel.swift */ = {isa = PBXFileReference; lastKnownFileType = sourcecode.swift; path = MainViewModel.swift; sourceTree = "<group>"; };
		8979B484293F329400D93471 /* UIColor + Extensions.swift */ = {isa = PBXFileReference; lastKnownFileType = sourcecode.swift; path = "UIColor + Extensions.swift"; sourceTree = "<group>"; };
		897ED29A29464117006B006B /* CartTableViewManager.swift */ = {isa = PBXFileReference; lastKnownFileType = sourcecode.swift; path = CartTableViewManager.swift; sourceTree = "<group>"; };
		897F54EC294098B300E38F02 /* Constants.swift */ = {isa = PBXFileReference; lastKnownFileType = sourcecode.swift; path = Constants.swift; sourceTree = "<group>"; };
		897F54EE29409A1600E38F02 /* Phones.swift */ = {isa = PBXFileReference; lastKnownFileType = sourcecode.swift; path = Phones.swift; sourceTree = "<group>"; };
		897F54F029409B1D00E38F02 /* HomeStore.swift */ = {isa = PBXFileReference; lastKnownFileType = sourcecode.swift; path = HomeStore.swift; sourceTree = "<group>"; };
		897F54F229409BED00E38F02 /* NetworkService.swift */ = {isa = PBXFileReference; lastKnownFileType = sourcecode.swift; path = NetworkService.swift; sourceTree = "<group>"; };
		897F54F429409C8800E38F02 /* Config.xcconfig */ = {isa = PBXFileReference; lastKnownFileType = text.xcconfig; path = Config.xcconfig; sourceTree = "<group>"; };
		897F54F529409D4200E38F02 /* Environment.swift */ = {isa = PBXFileReference; lastKnownFileType = sourcecode.swift; path = Environment.swift; sourceTree = "<group>"; };
		897F54FD2940C07600E38F02 /* BestSellerCollectionViewManager.swift */ = {isa = PBXFileReference; lastKnownFileType = sourcecode.swift; path = BestSellerCollectionViewManager.swift; sourceTree = "<group>"; };
		897F54FF2940C17A00E38F02 /* BestSellerCollectionViewCell.swift */ = {isa = PBXFileReference; lastKnownFileType = sourcecode.swift; path = BestSellerCollectionViewCell.swift; sourceTree = "<group>"; };
		898565B429471DD200523AA0 /* CartTableViewCell.swift */ = {isa = PBXFileReference; lastKnownFileType = sourcecode.swift; path = CartTableViewCell.swift; sourceTree = "<group>"; };
		898EB9D42949ACD9008E25B1 /* HotSalesTopView.swift */ = {isa = PBXFileReference; lastKnownFileType = sourcecode.swift; path = HotSalesTopView.swift; sourceTree = "<group>"; };
		898EB9D82949AEFA008E25B1 /* BestSellerTopView.swift */ = {isa = PBXFileReference; lastKnownFileType = sourcecode.swift; path = BestSellerTopView.swift; sourceTree = "<group>"; };
		898EB9DB2949B26F008E25B1 /* DetailsTopView.swift */ = {isa = PBXFileReference; lastKnownFileType = sourcecode.swift; path = DetailsTopView.swift; sourceTree = "<group>"; };
		898EB9DD2949B46D008E25B1 /* ShopStackView.swift */ = {isa = PBXFileReference; lastKnownFileType = sourcecode.swift; path = ShopStackView.swift; sourceTree = "<group>"; };
		898EB9DF2949B577008E25B1 /* DetailsStackView.swift */ = {isa = PBXFileReference; lastKnownFileType = sourcecode.swift; path = DetailsStackView.swift; sourceTree = "<group>"; };
		898EB9E12949B658008E25B1 /* FeaturesStackView.swift */ = {isa = PBXFileReference; lastKnownFileType = sourcecode.swift; path = FeaturesStackView.swift; sourceTree = "<group>"; };
		898EB9E32949B7A6008E25B1 /* CPUStackView.swift */ = {isa = PBXFileReference; lastKnownFileType = sourcecode.swift; path = CPUStackView.swift; sourceTree = "<group>"; };
		898EB9E52949B82C008E25B1 /* CameraStackView.swift */ = {isa = PBXFileReference; lastKnownFileType = sourcecode.swift; path = CameraStackView.swift; sourceTree = "<group>"; };
		898EB9E72949B89C008E25B1 /* SSDStackView.swift */ = {isa = PBXFileReference; lastKnownFileType = sourcecode.swift; path = SSDStackView.swift; sourceTree = "<group>"; };
		898EB9E92949B95C008E25B1 /* SDStackView.swift */ = {isa = PBXFileReference; lastKnownFileType = sourcecode.swift; path = SDStackView.swift; sourceTree = "<group>"; };
		898EB9EB2949BA43008E25B1 /* ButtonsStackView.swift */ = {isa = PBXFileReference; lastKnownFileType = sourcecode.swift; path = ButtonsStackView.swift; sourceTree = "<group>"; };
		898EB9ED2949BB85008E25B1 /* EquipmentStackView.swift */ = {isa = PBXFileReference; lastKnownFileType = sourcecode.swift; path = EquipmentStackView.swift; sourceTree = "<group>"; };
		898EB9F22949C193008E25B1 /* CheckLeftStackView.swift */ = {isa = PBXFileReference; lastKnownFileType = sourcecode.swift; path = CheckLeftStackView.swift; sourceTree = "<group>"; };
		898EB9F42949C24C008E25B1 /* CheckRightStackView.swift */ = {isa = PBXFileReference; lastKnownFileType = sourcecode.swift; path = CheckRightStackView.swift; sourceTree = "<group>"; };
		898EB9F82949C6AB008E25B1 /* CheckStackView.swift */ = {isa = PBXFileReference; lastKnownFileType = sourcecode.swift; path = CheckStackView.swift; sourceTree = "<group>"; };
		898EB9FA2949CC5C008E25B1 /* NetworkServiceProtocol.swift */ = {isa = PBXFileReference; lastKnownFileType = sourcecode.swift; path = NetworkServiceProtocol.swift; sourceTree = "<group>"; };
		898EB9FC2949CD29008E25B1 /* BadgeCountUpdateProtocol.swift */ = {isa = PBXFileReference; lastKnownFileType = sourcecode.swift; path = BadgeCountUpdateProtocol.swift; sourceTree = "<group>"; };
		898EB9FE2949D61B008E25B1 /* Assets.xcassets */ = {isa = PBXFileReference; lastKnownFileType = folder.assetcatalog; path = Assets.xcassets; sourceTree = "<group>"; };
		899E2114293FB2850049FD5A /* MarkPro-Regular.ttf */ = {isa = PBXFileReference; lastKnownFileType = file; path = "MarkPro-Regular.ttf"; sourceTree = "<group>"; };
		899E2115293FB2850049FD5A /* MarkPro-Medium.ttf */ = {isa = PBXFileReference; lastKnownFileType = file; path = "MarkPro-Medium.ttf"; sourceTree = "<group>"; };
		899E2116293FB2850049FD5A /* MarkPro-Bold.ttf */ = {isa = PBXFileReference; lastKnownFileType = file; path = "MarkPro-Bold.ttf"; sourceTree = "<group>"; };
		899E2117293FB2850049FD5A /* MarkPro-Heavy.ttf */ = {isa = PBXFileReference; lastKnownFileType = file; path = "MarkPro-Heavy.ttf"; sourceTree = "<group>"; };
		899ECFD02940F2B90018CB1D /* BestSeller.swift */ = {isa = PBXFileReference; lastKnownFileType = sourcecode.swift; path = BestSeller.swift; sourceTree = "<group>"; };
		89A0812229436BD700BD04B7 /* DetailViewController.swift */ = {isa = PBXFileReference; lastKnownFileType = sourcecode.swift; path = DetailViewController.swift; sourceTree = "<group>"; };
		89A0812429436C0900BD04B7 /* DetailCoordinator.swift */ = {isa = PBXFileReference; lastKnownFileType = sourcecode.swift; path = DetailCoordinator.swift; sourceTree = "<group>"; };
		89A0812629436C5800BD04B7 /* DetailViewModel.swift */ = {isa = PBXFileReference; lastKnownFileType = sourcecode.swift; path = DetailViewModel.swift; sourceTree = "<group>"; };
		89A0812A2943734600BD04B7 /* Characteristics.swift */ = {isa = PBXFileReference; lastKnownFileType = sourcecode.swift; path = Characteristics.swift; sourceTree = "<group>"; };
		89A90AB4293FC1200096366C /* UIStackView + Extensions.swift */ = {isa = PBXFileReference; lastKnownFileType = sourcecode.swift; path = "UIStackView + Extensions.swift"; sourceTree = "<group>"; };
		89A90AB6293FC1D70096366C /* UILabel + Extensions.swift */ = {isa = PBXFileReference; lastKnownFileType = sourcecode.swift; path = "UILabel + Extensions.swift"; sourceTree = "<group>"; };
		89A90AB8293FC2040096366C /* UIFont + Extensions.swift */ = {isa = PBXFileReference; lastKnownFileType = sourcecode.swift; path = "UIFont + Extensions.swift"; sourceTree = "<group>"; };
		89A90ABA293FC4FE0096366C /* UIImageView + Extensions.swift */ = {isa = PBXFileReference; lastKnownFileType = sourcecode.swift; path = "UIImageView + Extensions.swift"; sourceTree = "<group>"; };
		89A90ABD293FCFA90096366C /* CategoriesStackView.swift */ = {isa = PBXFileReference; lastKnownFileType = sourcecode.swift; path = CategoriesStackView.swift; sourceTree = "<group>"; };
		89A90ABF293FD46C0096366C /* Categories.swift */ = {isa = PBXFileReference; lastKnownFileType = sourcecode.swift; path = Categories.swift; sourceTree = "<group>"; };
		89B1BF042948F3FE00F8D2D3 /* HeaderStackView.swift */ = {isa = PBXFileReference; lastKnownFileType = sourcecode.swift; path = HeaderStackView.swift; sourceTree = "<group>"; };
		89B1BF062948F64D00F8D2D3 /* SearchStackView.swift */ = {isa = PBXFileReference; lastKnownFileType = sourcecode.swift; path = SearchStackView.swift; sourceTree = "<group>"; };
		89B1BF082948FA5A00F8D2D3 /* HeaderView.swift */ = {isa = PBXFileReference; lastKnownFileType = sourcecode.swift; path = HeaderView.swift; sourceTree = "<group>"; };
		89B1BF0A2948FAA500F8D2D3 /* UIVIew + Extensions.swift */ = {isa = PBXFileReference; lastKnownFileType = sourcecode.swift; path = "UIVIew + Extensions.swift"; sourceTree = "<group>"; };
		89B1BF0E2948FE1C00F8D2D3 /* SelectCategoryView.swift */ = {isa = PBXFileReference; lastKnownFileType = sourcecode.swift; path = SelectCategoryView.swift; sourceTree = "<group>"; };
		89B35C1D29407D64000C061C /* SearchTextField.swift */ = {isa = PBXFileReference; lastKnownFileType = sourcecode.swift; path = SearchTextField.swift; sourceTree = "<group>"; };
		89B3C0E929425E1000D0D0A6 /* FilterModalViewController.swift */ = {isa = PBXFileReference; lastKnownFileType = sourcecode.swift; path = FilterModalViewController.swift; sourceTree = "<group>"; };
		89F625C729485FE40055AAE6 /* Cart.swift */ = {isa = PBXFileReference; lastKnownFileType = sourcecode.swift; path = Cart.swift; sourceTree = "<group>"; };
		89F625C929485FEE0055AAE6 /* Basket.swift */ = {isa = PBXFileReference; lastKnownFileType = sourcecode.swift; path = Basket.swift; sourceTree = "<group>"; };
		89F716BD294491FA005014E7 /* UIImage + Extensions.swift */ = {isa = PBXFileReference; lastKnownFileType = sourcecode.swift; path = "UIImage + Extensions.swift"; sourceTree = "<group>"; };
		89F716BF294498F1005014E7 /* DetailCollectionViewManager.swift */ = {isa = PBXFileReference; lastKnownFileType = sourcecode.swift; path = DetailCollectionViewManager.swift; sourceTree = "<group>"; };
		89F716C129449969005014E7 /* DetailCollectionViewCell.swift */ = {isa = PBXFileReference; lastKnownFileType = sourcecode.swift; path = DetailCollectionViewCell.swift; sourceTree = "<group>"; };
/* End PBXFileReference section */

/* Begin PBXFrameworksBuildPhase section */
		8979B454293F2D6100D93471 /* Frameworks */ = {
			isa = PBXFrameworksBuildPhase;
			buildActionMask = 2147483647;
			files = (
				6CAD82DFC8610ACE2A9501F1 /* Pods_Ecommerce.framework in Frameworks */,
			);
			runOnlyForDeploymentPostprocessing = 0;
		};
/* End PBXFrameworksBuildPhase section */

/* Begin PBXGroup section */
		5643B997E6AAB49475E036C6 /* Pods */ = {
			isa = PBXGroup;
			children = (
				4733FC71579C1F97DEE24CAF /* Pods-Ecommerce.debug.xcconfig */,
				2BC8501DDC5D37A60E997D99 /* Pods-Ecommerce.release.xcconfig */,
			);
			path = Pods;
			sourceTree = "<group>";
		};
		844D43C2B8716C1F4B580C98 /* Frameworks */ = {
			isa = PBXGroup;
			children = (
				497455DD70BAB150C4C4DA4F /* Pods_Ecommerce.framework */,
			);
			name = Frameworks;
			sourceTree = "<group>";
		};
		896947E32940933A0015514C /* Cells */ = {
			isa = PBXGroup;
			children = (
				898565B429471DD200523AA0 /* CartTableViewCell.swift */,
				89F716C129449969005014E7 /* DetailCollectionViewCell.swift */,
				896947E42940934F0015514C /* HotSalesCollectionViewCell.swift */,
				897F54FF2940C17A00E38F02 /* BestSellerCollectionViewCell.swift */,
			);
			path = Cells;
			sourceTree = "<group>";
		};
		8979B44E293F2D6100D93471 = {
			isa = PBXGroup;
			children = (
				897F54F429409C8800E38F02 /* Config.xcconfig */,
				8979B459293F2D6100D93471 /* Ecommerce */,
				8979B458293F2D6100D93471 /* Products */,
				5643B997E6AAB49475E036C6 /* Pods */,
				844D43C2B8716C1F4B580C98 /* Frameworks */,
			);
			sourceTree = "<group>";
		};
		8979B458293F2D6100D93471 /* Products */ = {
			isa = PBXGroup;
			children = (
				8979B457293F2D6100D93471 /* Ecommerce.app */,
			);
			name = Products;
			sourceTree = "<group>";
		};
		8979B459293F2D6100D93471 /* Ecommerce */ = {
			isa = PBXGroup;
			children = (
				8979B46F293F2ECA00D93471 /* ViewControllers */,
				8979B471293F2ED900D93471 /* Coordinators */,
				8979B472293F2EE600D93471 /* ViewModels */,
				89A90ABC293FCF7C0096366C /* Views */,
				8979B473293F2EEF00D93471 /* Services */,
				8979B474293F2EF800D93471 /* Protocols */,
				8979B475293F2F0100D93471 /* Models */,
				8979B476293F2F0600D93471 /* Enums */,
				8979B477293F2F0A00D93471 /* Extensions */,
				8979B478293F2F1600D93471 /* Helpers */,
				8979B46E293F2E9000D93471 /* Resources */,
			);
			path = Ecommerce;
			sourceTree = "<group>";
		};
		8979B46E293F2E9000D93471 /* Resources */ = {
			isa = PBXGroup;
			children = (
				898EB9FE2949D61B008E25B1 /* Assets.xcassets */,
				8979B45A293F2D6100D93471 /* AppDelegate.swift */,
				8979B465293F2D6200D93471 /* LaunchScreen.storyboard */,
				8979B468293F2D6200D93471 /* Info.plist */,
				899E2107293FAE840049FD5A /* Fonts */,
			);
			path = Resources;
			sourceTree = "<group>";
		};
		8979B46F293F2ECA00D93471 /* ViewControllers */ = {
			isa = PBXGroup;
			children = (
				896947E32940933A0015514C /* Cells */,
				8979B47F293F302500D93471 /* MainViewController.swift */,
				8950A4242941F0B900FF632C /* FavoriteViewController.swift */,
				8950A41C2941DD8800FF632C /* CartViewController.swift */,
				8950A4262941F0C400FF632C /* ProfileViewController.swift */,
				89A0812229436BD700BD04B7 /* DetailViewController.swift */,
			);
			path = ViewControllers;
			sourceTree = "<group>";
		};
		8979B471293F2ED900D93471 /* Coordinators */ = {
			isa = PBXGroup;
			children = (
				8979B479293F2F9700D93471 /* AppCoordinator.swift */,
				8979B47D293F300800D93471 /* MainCoordinator.swift */,
				89A0812429436C0900BD04B7 /* DetailCoordinator.swift */,
				8950A41A2941DD5B00FF632C /* CartCoordinator.swift */,
				8950A4202941F09D00FF632C /* FavoriteCoordinator.swift */,
				8950A4222941F0A700FF632C /* ProfileCoordinator.swift */,
				8950A4162941D53000FF632C /* EcommerceTabBarCoordinator.swift */,
			);
			path = Coordinators;
			sourceTree = "<group>";
		};
		8979B472293F2EE600D93471 /* ViewModels */ = {
			isa = PBXGroup;
			children = (
				8979B481293F306700D93471 /* MainViewModel.swift */,
				8950A41E2941DD9D00FF632C /* CartViewModel.swift */,
				8950A4282941F10800FF632C /* FavoriteViewModel.swift */,
				8950A42A2941F11000FF632C /* ProfileViewModel.swift */,
				89A0812629436C5800BD04B7 /* DetailViewModel.swift */,
			);
			path = ViewModels;
			sourceTree = "<group>";
		};
		8979B473293F2EEF00D93471 /* Services */ = {
			isa = PBXGroup;
			children = (
				897F54F229409BED00E38F02 /* NetworkService.swift */,
				897ED29A29464117006B006B /* CartTableViewManager.swift */,
				89F716BF294498F1005014E7 /* DetailCollectionViewManager.swift */,
				896947E1294092ED0015514C /* HotSalesCollectionViewManager.swift */,
				897F54FD2940C07600E38F02 /* BestSellerCollectionViewManager.swift */,
			);
			path = Services;
			sourceTree = "<group>";
		};
		8979B474293F2EF800D93471 /* Protocols */ = {
			isa = PBXGroup;
			children = (
				8979B47B293F2FBE00D93471 /* Coordinator.swift */,
				898EB9FA2949CC5C008E25B1 /* NetworkServiceProtocol.swift */,
				898EB9FC2949CD29008E25B1 /* BadgeCountUpdateProtocol.swift */,
			);
			path = Protocols;
			sourceTree = "<group>";
		};
		8979B475293F2F0100D93471 /* Models */ = {
			isa = PBXGroup;
			children = (
				89A08128294372D700BD04B7 /* MainVC Models */,
				89A081292943730100BD04B7 /* DetailVC Models */,
				89F625C629485F340055AAE6 /* CartVC Models */,
			);
			path = Models;
			sourceTree = "<group>";
		};
		8979B476293F2F0600D93471 /* Enums */ = {
			isa = PBXGroup;
			children = (
				89A90ABF293FD46C0096366C /* Categories.swift */,
				8950A4182941D7EC00FF632C /* TabBarPages.swift */,
			);
			path = Enums;
			sourceTree = "<group>";
		};
		8979B477293F2F0A00D93471 /* Extensions */ = {
			isa = PBXGroup;
			children = (
				896947E6294093EC0015514C /* PagingCollectionViewLayout.swift */,
				8979B483293F328700D93471 /* UIKit */,
			);
			path = Extensions;
			sourceTree = "<group>";
		};
		8979B478293F2F1600D93471 /* Helpers */ = {
			isa = PBXGroup;
			children = (
				897F54EC294098B300E38F02 /* Constants.swift */,
				897F54F529409D4200E38F02 /* Environment.swift */,
			);
			path = Helpers;
			sourceTree = "<group>";
		};
		8979B483293F328700D93471 /* UIKit */ = {
			isa = PBXGroup;
			children = (
				8979B484293F329400D93471 /* UIColor + Extensions.swift */,
				89A90AB4293FC1200096366C /* UIStackView + Extensions.swift */,
				89A90AB6293FC1D70096366C /* UILabel + Extensions.swift */,
				89A90AB8293FC2040096366C /* UIFont + Extensions.swift */,
				89A90ABA293FC4FE0096366C /* UIImageView + Extensions.swift */,
				89F716BD294491FA005014E7 /* UIImage + Extensions.swift */,
				894B109329451F6A00306585 /* UISegmentedControl + Extensions.swift */,
				89B1BF0A2948FAA500F8D2D3 /* UIVIew + Extensions.swift */,
			);
			path = UIKit;
			sourceTree = "<group>";
		};
		898EB9DA2949B1E1008E25B1 /* DetailVC */ = {
			isa = PBXGroup;
			children = (
				898EB9DB2949B26F008E25B1 /* DetailsTopView.swift */,
				898EB9DD2949B46D008E25B1 /* ShopStackView.swift */,
				898EB9DF2949B577008E25B1 /* DetailsStackView.swift */,
				898EB9E12949B658008E25B1 /* FeaturesStackView.swift */,
				898EB9E32949B7A6008E25B1 /* CPUStackView.swift */,
				898EB9E52949B82C008E25B1 /* CameraStackView.swift */,
				898EB9E72949B89C008E25B1 /* SSDStackView.swift */,
				898EB9E92949B95C008E25B1 /* SDStackView.swift */,
				898EB9EB2949BA43008E25B1 /* ButtonsStackView.swift */,
				898EB9ED2949BB85008E25B1 /* EquipmentStackView.swift */,
			);
			path = DetailVC;
			sourceTree = "<group>";
		};
		898EB9F12949C150008E25B1 /* CartVC */ = {
			isa = PBXGroup;
			children = (
				898EB9F82949C6AB008E25B1 /* CheckStackView.swift */,
				898EB9F22949C193008E25B1 /* CheckLeftStackView.swift */,
				898EB9F42949C24C008E25B1 /* CheckRightStackView.swift */,
			);
			path = CartVC;
			sourceTree = "<group>";
		};
		899E2107293FAE840049FD5A /* Fonts */ = {
			isa = PBXGroup;
			children = (
				899E2116293FB2850049FD5A /* MarkPro-Bold.ttf */,
				899E2117293FB2850049FD5A /* MarkPro-Heavy.ttf */,
				899E2115293FB2850049FD5A /* MarkPro-Medium.ttf */,
				899E2114293FB2850049FD5A /* MarkPro-Regular.ttf */,
			);
			path = Fonts;
			sourceTree = "<group>";
		};
		89A08128294372D700BD04B7 /* MainVC Models */ = {
			isa = PBXGroup;
			children = (
				897F54EE29409A1600E38F02 /* Phones.swift */,
				899ECFD02940F2B90018CB1D /* BestSeller.swift */,
				897F54F029409B1D00E38F02 /* HomeStore.swift */,
			);
			path = "MainVC Models";
			sourceTree = "<group>";
		};
		89A081292943730100BD04B7 /* DetailVC Models */ = {
			isa = PBXGroup;
			children = (
				89A0812A2943734600BD04B7 /* Characteristics.swift */,
			);
			path = "DetailVC Models";
			sourceTree = "<group>";
		};
		89A90ABC293FCF7C0096366C /* Views */ = {
			isa = PBXGroup;
			children = (
				89B1BF032948F3D000F8D2D3 /* MainVC */,
				898EB9DA2949B1E1008E25B1 /* DetailVC */,
				898EB9F12949C150008E25B1 /* CartVC */,
				8950A42E294201CA00FF632C /* CustomTabBarController.swift */,
				89B3C0E929425E1000D0D0A6 /* FilterModalViewController.swift */,
				893E99AA2945E27C004D9FB2 /* CustomUISegmentedControl.swift */,
			);
			path = Views;
			sourceTree = "<group>";
		};
		89B1BF032948F3D000F8D2D3 /* MainVC */ = {
			isa = PBXGroup;
			children = (
				8950A43229421E7E00FF632C /* FilterTextField.swift */,
				89B35C1D29407D64000C061C /* SearchTextField.swift */,
				8950A4302942138500FF632C /* FilterModalView.swift */,
				89B1BF042948F3FE00F8D2D3 /* HeaderStackView.swift */,
				89B1BF062948F64D00F8D2D3 /* SearchStackView.swift */,
				89B1BF0E2948FE1C00F8D2D3 /* SelectCategoryView.swift */,
				89A90ABD293FCFA90096366C /* CategoriesStackView.swift */,
				89B1BF082948FA5A00F8D2D3 /* HeaderView.swift */,
				898EB9D42949ACD9008E25B1 /* HotSalesTopView.swift */,
				898EB9D82949AEFA008E25B1 /* BestSellerTopView.swift */,
			);
			path = MainVC;
			sourceTree = "<group>";
		};
		89F625C629485F340055AAE6 /* CartVC Models */ = {
			isa = PBXGroup;
			children = (
				89F625C729485FE40055AAE6 /* Cart.swift */,
				89F625C929485FEE0055AAE6 /* Basket.swift */,
			);
			path = "CartVC Models";
			sourceTree = "<group>";
		};
/* End PBXGroup section */

/* Begin PBXNativeTarget section */
		8979B456293F2D6100D93471 /* Ecommerce */ = {
			isa = PBXNativeTarget;
			buildConfigurationList = 8979B46B293F2D6200D93471 /* Build configuration list for PBXNativeTarget "Ecommerce" */;
			buildPhases = (
				B9BF343F6EBB476B480B60A0 /* [CP] Check Pods Manifest.lock */,
				8979B453293F2D6100D93471 /* Sources */,
				8979B454293F2D6100D93471 /* Frameworks */,
				8979B455293F2D6100D93471 /* Resources */,
				08D46DD84FBEA0E18DAE4EBF /* [CP] Embed Pods Frameworks */,
			);
			buildRules = (
			);
			dependencies = (
			);
			name = Ecommerce;
			productName = Ecommerce;
			productReference = 8979B457293F2D6100D93471 /* Ecommerce.app */;
			productType = "com.apple.product-type.application";
		};
/* End PBXNativeTarget section */

/* Begin PBXProject section */
		8979B44F293F2D6100D93471 /* Project object */ = {
			isa = PBXProject;
			attributes = {
				BuildIndependentTargetsInParallel = 1;
				LastSwiftUpdateCheck = 1300;
				LastUpgradeCheck = 1300;
				TargetAttributes = {
					8979B456293F2D6100D93471 = {
						CreatedOnToolsVersion = 13.0;
					};
				};
			};
			buildConfigurationList = 8979B452293F2D6100D93471 /* Build configuration list for PBXProject "Ecommerce" */;
			compatibilityVersion = "Xcode 13.0";
			developmentRegion = en;
			hasScannedForEncodings = 0;
			knownRegions = (
				en,
				Base,
			);
			mainGroup = 8979B44E293F2D6100D93471;
			productRefGroup = 8979B458293F2D6100D93471 /* Products */;
			projectDirPath = "";
			projectRoot = "";
			targets = (
				8979B456293F2D6100D93471 /* Ecommerce */,
			);
		};
/* End PBXProject section */

/* Begin PBXResourcesBuildPhase section */
		8979B455293F2D6100D93471 /* Resources */ = {
			isa = PBXResourcesBuildPhase;
			buildActionMask = 2147483647;
			files = (
				899E2119293FB2850049FD5A /* MarkPro-Medium.ttf in Resources */,
				8979B467293F2D6200D93471 /* LaunchScreen.storyboard in Resources */,
				899E2118293FB2850049FD5A /* MarkPro-Regular.ttf in Resources */,
				899E211B293FB2850049FD5A /* MarkPro-Heavy.ttf in Resources */,
				898EB9FF2949D61B008E25B1 /* Assets.xcassets in Resources */,
				899E211A293FB2850049FD5A /* MarkPro-Bold.ttf in Resources */,
			);
			runOnlyForDeploymentPostprocessing = 0;
		};
/* End PBXResourcesBuildPhase section */

/* Begin PBXShellScriptBuildPhase section */
		08D46DD84FBEA0E18DAE4EBF /* [CP] Embed Pods Frameworks */ = {
			isa = PBXShellScriptBuildPhase;
			buildActionMask = 2147483647;
			files = (
			);
			inputFileListPaths = (
				"${PODS_ROOT}/Target Support Files/Pods-Ecommerce/Pods-Ecommerce-frameworks-${CONFIGURATION}-input-files.xcfilelist",
			);
			name = "[CP] Embed Pods Frameworks";
			outputFileListPaths = (
				"${PODS_ROOT}/Target Support Files/Pods-Ecommerce/Pods-Ecommerce-frameworks-${CONFIGURATION}-output-files.xcfilelist",
			);
			runOnlyForDeploymentPostprocessing = 0;
			shellPath = /bin/sh;
			shellScript = "\"${PODS_ROOT}/Target Support Files/Pods-Ecommerce/Pods-Ecommerce-frameworks.sh\"\n";
			showEnvVarsInLog = 0;
		};
		B9BF343F6EBB476B480B60A0 /* [CP] Check Pods Manifest.lock */ = {
			isa = PBXShellScriptBuildPhase;
			buildActionMask = 2147483647;
			files = (
			);
			inputFileListPaths = (
			);
			inputPaths = (
				"${PODS_PODFILE_DIR_PATH}/Podfile.lock",
				"${PODS_ROOT}/Manifest.lock",
			);
			name = "[CP] Check Pods Manifest.lock";
			outputFileListPaths = (
			);
			outputPaths = (
				"$(DERIVED_FILE_DIR)/Pods-Ecommerce-checkManifestLockResult.txt",
			);
			runOnlyForDeploymentPostprocessing = 0;
			shellPath = /bin/sh;
			shellScript = "diff \"${PODS_PODFILE_DIR_PATH}/Podfile.lock\" \"${PODS_ROOT}/Manifest.lock\" > /dev/null\nif [ $? != 0 ] ; then\n    # print error to STDERR\n    echo \"error: The sandbox is not in sync with the Podfile.lock. Run 'pod install' or update your CocoaPods installation.\" >&2\n    exit 1\nfi\n# This output is used by Xcode 'outputs' to avoid re-running this script phase.\necho \"SUCCESS\" > \"${SCRIPT_OUTPUT_FILE_0}\"\n";
			showEnvVarsInLog = 0;
		};
/* End PBXShellScriptBuildPhase section */

/* Begin PBXSourcesBuildPhase section */
		8979B453293F2D6100D93471 /* Sources */ = {
			isa = PBXSourcesBuildPhase;
			buildActionMask = 2147483647;
			files = (
				898EB9EE2949BB85008E25B1 /* EquipmentStackView.swift in Sources */,
				8979B47A293F2F9700D93471 /* AppCoordinator.swift in Sources */,
				8979B47E293F300800D93471 /* MainCoordinator.swift in Sources */,
				89A0812729436C5800BD04B7 /* DetailViewModel.swift in Sources */,
				89F625C829485FE40055AAE6 /* Cart.swift in Sources */,
				898EB9EA2949B95C008E25B1 /* SDStackView.swift in Sources */,
				898EB9E62949B82C008E25B1 /* CameraStackView.swift in Sources */,
				8979B45B293F2D6100D93471 /* AppDelegate.swift in Sources */,
				89A0812B2943734600BD04B7 /* Characteristics.swift in Sources */,
				89A90ABE293FCFA90096366C /* CategoriesStackView.swift in Sources */,
				89A90AB5293FC1200096366C /* UIStackView + Extensions.swift in Sources */,
				898EB9E02949B577008E25B1 /* DetailsStackView.swift in Sources */,
				8979B485293F329400D93471 /* UIColor + Extensions.swift in Sources */,
				898EB9F32949C193008E25B1 /* CheckLeftStackView.swift in Sources */,
				898EB9FB2949CC5C008E25B1 /* NetworkServiceProtocol.swift in Sources */,
				8950A41F2941DD9D00FF632C /* CartViewModel.swift in Sources */,
				898EB9E82949B89C008E25B1 /* SSDStackView.swift in Sources */,
				8950A42F294201CA00FF632C /* CustomTabBarController.swift in Sources */,
				8950A41B2941DD5B00FF632C /* CartCoordinator.swift in Sources */,
				89F716C0294498F1005014E7 /* DetailCollectionViewManager.swift in Sources */,
				8950A4232941F0A700FF632C /* ProfileCoordinator.swift in Sources */,
				89A0812329436BD700BD04B7 /* DetailViewController.swift in Sources */,
				898EB9FD2949CD29008E25B1 /* BadgeCountUpdateProtocol.swift in Sources */,
				897F54EF29409A1600E38F02 /* Phones.swift in Sources */,
				898EB9F52949C24C008E25B1 /* CheckRightStackView.swift in Sources */,
				897F54F629409D4200E38F02 /* Environment.swift in Sources */,
				89A90ABB293FC4FE0096366C /* UIImageView + Extensions.swift in Sources */,
				89A90AB7293FC1D70096366C /* UILabel + Extensions.swift in Sources */,
				8950A4292941F10800FF632C /* FavoriteViewModel.swift in Sources */,
				8979B47C293F2FBE00D93471 /* Coordinator.swift in Sources */,
				8950A4312942138500FF632C /* FilterModalView.swift in Sources */,
				89A90AB9293FC2040096366C /* UIFont + Extensions.swift in Sources */,
				89B1BF0F2948FE1C00F8D2D3 /* SelectCategoryView.swift in Sources */,
				894B109429451F6A00306585 /* UISegmentedControl + Extensions.swift in Sources */,
				896947E52940934F0015514C /* HotSalesCollectionViewCell.swift in Sources */,
				8979B480293F302500D93471 /* MainViewController.swift in Sources */,
				89B1BF072948F64D00F8D2D3 /* SearchStackView.swift in Sources */,
				89A0812529436C0900BD04B7 /* DetailCoordinator.swift in Sources */,
				898EB9E22949B658008E25B1 /* FeaturesStackView.swift in Sources */,
				897F54FE2940C07600E38F02 /* BestSellerCollectionViewManager.swift in Sources */,
				897F54F329409BED00E38F02 /* NetworkService.swift in Sources */,
				899ECFD12940F2B90018CB1D /* BestSeller.swift in Sources */,
				89B35C1E29407D64000C061C /* SearchTextField.swift in Sources */,
				89B1BF0B2948FAA500F8D2D3 /* UIVIew + Extensions.swift in Sources */,
				8950A4172941D53000FF632C /* EcommerceTabBarCoordinator.swift in Sources */,
				89B1BF052948F3FE00F8D2D3 /* HeaderStackView.swift in Sources */,
				898EB9D52949ACD9008E25B1 /* HotSalesTopView.swift in Sources */,
				898EB9E42949B7A6008E25B1 /* CPUStackView.swift in Sources */,
				8950A4252941F0B900FF632C /* FavoriteViewController.swift in Sources */,
				898EB9F92949C6AB008E25B1 /* CheckStackView.swift in Sources */,
				898EB9EC2949BA43008E25B1 /* ButtonsStackView.swift in Sources */,
				898EB9DC2949B26F008E25B1 /* DetailsTopView.swift in Sources */,
				8979B482293F306700D93471 /* MainViewModel.swift in Sources */,
				89F716C229449969005014E7 /* DetailCollectionViewCell.swift in Sources */,
				8950A4272941F0C400FF632C /* ProfileViewController.swift in Sources */,
				897F54F129409B1D00E38F02 /* HomeStore.swift in Sources */,
				893E99AB2945E27C004D9FB2 /* CustomUISegmentedControl.swift in Sources */,
				8950A4212941F09D00FF632C /* FavoriteCoordinator.swift in Sources */,
				896947E7294093EC0015514C /* PagingCollectionViewLayout.swift in Sources */,
				897ED29B29464117006B006B /* CartTableViewManager.swift in Sources */,
				89A90AC0293FD46C0096366C /* Categories.swift in Sources */,
				89F716BE294491FA005014E7 /* UIImage + Extensions.swift in Sources */,
				898565B529471DD200523AA0 /* CartTableViewCell.swift in Sources */,
				8950A42B2941F11000FF632C /* ProfileViewModel.swift in Sources */,
				89F625CA29485FEE0055AAE6 /* Basket.swift in Sources */,
				898EB9D92949AEFA008E25B1 /* BestSellerTopView.swift in Sources */,
				897F55002940C17A00E38F02 /* BestSellerCollectionViewCell.swift in Sources */,
				89B3C0EA29425E1000D0D0A6 /* FilterModalViewController.swift in Sources */,
				8950A41D2941DD8800FF632C /* CartViewController.swift in Sources */,
				898EB9DE2949B46D008E25B1 /* ShopStackView.swift in Sources */,
				896947E2294092ED0015514C /* HotSalesCollectionViewManager.swift in Sources */,
				8950A43329421E7E00FF632C /* FilterTextField.swift in Sources */,
				8950A4192941D7EC00FF632C /* TabBarPages.swift in Sources */,
				897F54ED294098B300E38F02 /* Constants.swift in Sources */,
				89B1BF092948FA5A00F8D2D3 /* HeaderView.swift in Sources */,
			);
			runOnlyForDeploymentPostprocessing = 0;
		};
/* End PBXSourcesBuildPhase section */

/* Begin PBXVariantGroup section */
		8979B465293F2D6200D93471 /* LaunchScreen.storyboard */ = {
			isa = PBXVariantGroup;
			children = (
				8979B466293F2D6200D93471 /* Base */,
			);
			name = LaunchScreen.storyboard;
			sourceTree = "<group>";
		};
/* End PBXVariantGroup section */

/* Begin XCBuildConfiguration section */
		8979B469293F2D6200D93471 /* Debug */ = {
			isa = XCBuildConfiguration;
			baseConfigurationReference = 897F54F429409C8800E38F02 /* Config.xcconfig */;
			buildSettings = {
				ALWAYS_SEARCH_USER_PATHS = NO;
				CLANG_ANALYZER_NONNULL = YES;
				CLANG_ANALYZER_NUMBER_OBJECT_CONVERSION = YES_AGGRESSIVE;
				CLANG_CXX_LANGUAGE_STANDARD = "gnu++17";
				CLANG_CXX_LIBRARY = "libc++";
				CLANG_ENABLE_MODULES = YES;
				CLANG_ENABLE_OBJC_ARC = YES;
				CLANG_ENABLE_OBJC_WEAK = YES;
				CLANG_WARN_BLOCK_CAPTURE_AUTORELEASING = YES;
				CLANG_WARN_BOOL_CONVERSION = YES;
				CLANG_WARN_COMMA = YES;
				CLANG_WARN_CONSTANT_CONVERSION = YES;
				CLANG_WARN_DEPRECATED_OBJC_IMPLEMENTATIONS = YES;
				CLANG_WARN_DIRECT_OBJC_ISA_USAGE = YES_ERROR;
				CLANG_WARN_DOCUMENTATION_COMMENTS = YES;
				CLANG_WARN_EMPTY_BODY = YES;
				CLANG_WARN_ENUM_CONVERSION = YES;
				CLANG_WARN_INFINITE_RECURSION = YES;
				CLANG_WARN_INT_CONVERSION = YES;
				CLANG_WARN_NON_LITERAL_NULL_CONVERSION = YES;
				CLANG_WARN_OBJC_IMPLICIT_RETAIN_SELF = YES;
				CLANG_WARN_OBJC_LITERAL_CONVERSION = YES;
				CLANG_WARN_OBJC_ROOT_CLASS = YES_ERROR;
				CLANG_WARN_QUOTED_INCLUDE_IN_FRAMEWORK_HEADER = YES;
				CLANG_WARN_RANGE_LOOP_ANALYSIS = YES;
				CLANG_WARN_STRICT_PROTOTYPES = YES;
				CLANG_WARN_SUSPICIOUS_MOVE = YES;
				CLANG_WARN_UNGUARDED_AVAILABILITY = YES_AGGRESSIVE;
				CLANG_WARN_UNREACHABLE_CODE = YES;
				CLANG_WARN__DUPLICATE_METHOD_MATCH = YES;
				COPY_PHASE_STRIP = NO;
				DEBUG_INFORMATION_FORMAT = dwarf;
				ENABLE_STRICT_OBJC_MSGSEND = YES;
				ENABLE_TESTABILITY = YES;
				GCC_C_LANGUAGE_STANDARD = gnu11;
				GCC_DYNAMIC_NO_PIC = NO;
				GCC_NO_COMMON_BLOCKS = YES;
				GCC_OPTIMIZATION_LEVEL = 0;
				GCC_PREPROCESSOR_DEFINITIONS = (
					"DEBUG=1",
					"$(inherited)",
				);
				GCC_WARN_64_TO_32_BIT_CONVERSION = YES;
				GCC_WARN_ABOUT_RETURN_TYPE = YES_ERROR;
				GCC_WARN_UNDECLARED_SELECTOR = YES;
				GCC_WARN_UNINITIALIZED_AUTOS = YES_AGGRESSIVE;
				GCC_WARN_UNUSED_FUNCTION = YES;
				GCC_WARN_UNUSED_VARIABLE = YES;
				IPHONEOS_DEPLOYMENT_TARGET = 15.0;
				MTL_ENABLE_DEBUG_INFO = INCLUDE_SOURCE;
				MTL_FAST_MATH = YES;
				ONLY_ACTIVE_ARCH = YES;
				SDKROOT = iphoneos;
				SWIFT_ACTIVE_COMPILATION_CONDITIONS = DEBUG;
				SWIFT_OPTIMIZATION_LEVEL = "-Onone";
			};
			name = Debug;
		};
		8979B46A293F2D6200D93471 /* Release */ = {
			isa = XCBuildConfiguration;
			baseConfigurationReference = 897F54F429409C8800E38F02 /* Config.xcconfig */;
			buildSettings = {
				ALWAYS_SEARCH_USER_PATHS = NO;
				CLANG_ANALYZER_NONNULL = YES;
				CLANG_ANALYZER_NUMBER_OBJECT_CONVERSION = YES_AGGRESSIVE;
				CLANG_CXX_LANGUAGE_STANDARD = "gnu++17";
				CLANG_CXX_LIBRARY = "libc++";
				CLANG_ENABLE_MODULES = YES;
				CLANG_ENABLE_OBJC_ARC = YES;
				CLANG_ENABLE_OBJC_WEAK = YES;
				CLANG_WARN_BLOCK_CAPTURE_AUTORELEASING = YES;
				CLANG_WARN_BOOL_CONVERSION = YES;
				CLANG_WARN_COMMA = YES;
				CLANG_WARN_CONSTANT_CONVERSION = YES;
				CLANG_WARN_DEPRECATED_OBJC_IMPLEMENTATIONS = YES;
				CLANG_WARN_DIRECT_OBJC_ISA_USAGE = YES_ERROR;
				CLANG_WARN_DOCUMENTATION_COMMENTS = YES;
				CLANG_WARN_EMPTY_BODY = YES;
				CLANG_WARN_ENUM_CONVERSION = YES;
				CLANG_WARN_INFINITE_RECURSION = YES;
				CLANG_WARN_INT_CONVERSION = YES;
				CLANG_WARN_NON_LITERAL_NULL_CONVERSION = YES;
				CLANG_WARN_OBJC_IMPLICIT_RETAIN_SELF = YES;
				CLANG_WARN_OBJC_LITERAL_CONVERSION = YES;
				CLANG_WARN_OBJC_ROOT_CLASS = YES_ERROR;
				CLANG_WARN_QUOTED_INCLUDE_IN_FRAMEWORK_HEADER = YES;
				CLANG_WARN_RANGE_LOOP_ANALYSIS = YES;
				CLANG_WARN_STRICT_PROTOTYPES = YES;
				CLANG_WARN_SUSPICIOUS_MOVE = YES;
				CLANG_WARN_UNGUARDED_AVAILABILITY = YES_AGGRESSIVE;
				CLANG_WARN_UNREACHABLE_CODE = YES;
				CLANG_WARN__DUPLICATE_METHOD_MATCH = YES;
				COPY_PHASE_STRIP = NO;
				DEBUG_INFORMATION_FORMAT = "dwarf-with-dsym";
				ENABLE_NS_ASSERTIONS = NO;
				ENABLE_STRICT_OBJC_MSGSEND = YES;
				GCC_C_LANGUAGE_STANDARD = gnu11;
				GCC_NO_COMMON_BLOCKS = YES;
				GCC_WARN_64_TO_32_BIT_CONVERSION = YES;
				GCC_WARN_ABOUT_RETURN_TYPE = YES_ERROR;
				GCC_WARN_UNDECLARED_SELECTOR = YES;
				GCC_WARN_UNINITIALIZED_AUTOS = YES_AGGRESSIVE;
				GCC_WARN_UNUSED_FUNCTION = YES;
				GCC_WARN_UNUSED_VARIABLE = YES;
				IPHONEOS_DEPLOYMENT_TARGET = 15.0;
				MTL_ENABLE_DEBUG_INFO = NO;
				MTL_FAST_MATH = YES;
				SDKROOT = iphoneos;
				SWIFT_COMPILATION_MODE = wholemodule;
				SWIFT_OPTIMIZATION_LEVEL = "-O";
				VALIDATE_PRODUCT = YES;
			};
			name = Release;
		};
		8979B46C293F2D6200D93471 /* Debug */ = {
			isa = XCBuildConfiguration;
			baseConfigurationReference = 4733FC71579C1F97DEE24CAF /* Pods-Ecommerce.debug.xcconfig */;
			buildSettings = {
				ASSETCATALOG_COMPILER_APPICON_NAME = AppIcon;
				ASSETCATALOG_COMPILER_GLOBAL_ACCENT_COLOR_NAME = AccentColor;
				CODE_SIGN_STYLE = Automatic;
				CURRENT_PROJECT_VERSION = 1;
				DEVELOPMENT_TEAM = F5X66F6583;
				GENERATE_INFOPLIST_FILE = YES;
				INFOPLIST_FILE = Ecommerce/Resources/Info.plist;
				INFOPLIST_KEY_UIApplicationSupportsIndirectInputEvents = YES;
				INFOPLIST_KEY_UILaunchStoryboardName = LaunchScreen;
				INFOPLIST_KEY_UISupportedInterfaceOrientations_iPad = "UIInterfaceOrientationPortrait UIInterfaceOrientationPortraitUpsideDown UIInterfaceOrientationLandscapeLeft UIInterfaceOrientationLandscapeRight";
				INFOPLIST_KEY_UISupportedInterfaceOrientations_iPhone = "UIInterfaceOrientationPortrait UIInterfaceOrientationLandscapeLeft UIInterfaceOrientationLandscapeRight";
				LD_RUNPATH_SEARCH_PATHS = (
					"$(inherited)",
					"@executable_path/Frameworks",
				);
				MARKETING_VERSION = 1.0;
				PRODUCT_BUNDLE_IDENTIFIER = sosnovsky.Ecommerce;
				PRODUCT_NAME = "$(TARGET_NAME)";
				SWIFT_EMIT_LOC_STRINGS = YES;
				SWIFT_VERSION = 5.0;
				TARGETED_DEVICE_FAMILY = 1;
			};
			name = Debug;
		};
		8979B46D293F2D6200D93471 /* Release */ = {
			isa = XCBuildConfiguration;
			baseConfigurationReference = 2BC8501DDC5D37A60E997D99 /* Pods-Ecommerce.release.xcconfig */;
			buildSettings = {
				ASSETCATALOG_COMPILER_APPICON_NAME = AppIcon;
				ASSETCATALOG_COMPILER_GLOBAL_ACCENT_COLOR_NAME = AccentColor;
				CODE_SIGN_STYLE = Automatic;
				CURRENT_PROJECT_VERSION = 1;
				DEVELOPMENT_TEAM = F5X66F6583;
				GENERATE_INFOPLIST_FILE = YES;
				INFOPLIST_FILE = Ecommerce/Resources/Info.plist;
				INFOPLIST_KEY_UIApplicationSupportsIndirectInputEvents = YES;
				INFOPLIST_KEY_UILaunchStoryboardName = LaunchScreen;
				INFOPLIST_KEY_UISupportedInterfaceOrientations_iPad = "UIInterfaceOrientationPortrait UIInterfaceOrientationPortraitUpsideDown UIInterfaceOrientationLandscapeLeft UIInterfaceOrientationLandscapeRight";
				INFOPLIST_KEY_UISupportedInterfaceOrientations_iPhone = "UIInterfaceOrientationPortrait UIInterfaceOrientationLandscapeLeft UIInterfaceOrientationLandscapeRight";
				LD_RUNPATH_SEARCH_PATHS = (
					"$(inherited)",
					"@executable_path/Frameworks",
				);
				MARKETING_VERSION = 1.0;
				PRODUCT_BUNDLE_IDENTIFIER = sosnovsky.Ecommerce;
				PRODUCT_NAME = "$(TARGET_NAME)";
				SWIFT_EMIT_LOC_STRINGS = YES;
				SWIFT_VERSION = 5.0;
				TARGETED_DEVICE_FAMILY = 1;
			};
			name = Release;
		};
/* End XCBuildConfiguration section */

/* Begin XCConfigurationList section */
		8979B452293F2D6100D93471 /* Build configuration list for PBXProject "Ecommerce" */ = {
			isa = XCConfigurationList;
			buildConfigurations = (
				8979B469293F2D6200D93471 /* Debug */,
				8979B46A293F2D6200D93471 /* Release */,
			);
			defaultConfigurationIsVisible = 0;
			defaultConfigurationName = Release;
		};
		8979B46B293F2D6200D93471 /* Build configuration list for PBXNativeTarget "Ecommerce" */ = {
			isa = XCConfigurationList;
			buildConfigurations = (
				8979B46C293F2D6200D93471 /* Debug */,
				8979B46D293F2D6200D93471 /* Release */,
			);
			defaultConfigurationIsVisible = 0;
			defaultConfigurationName = Release;
		};
/* End XCConfigurationList section */
	};
	rootObject = 8979B44F293F2D6100D93471 /* Project object */;
}
